
Microsoft Visual Studio Solution File, Format Version 12.00
# Visual Studio Version 16
VisualStudioVersion = 16.0.30717.126
MinimumVisualStudioVersion = 10.0.40219.1
Project("{FAE04EC0-301F-11D3-BF4B-00C04F79EFBC}") = "TestProject", "TestProject\TestProject.csproj", "{E8FFD6BF-23D6-49CD-9814-3CEAFDE4A3C9}"
EndProject
Project("{FAE04EC0-301F-11D3-BF4B-00C04F79EFBC}") = "UnitTestProject", "UnitTestProject\UnitTestProject.csproj", "{3E0157C0-4AEE-481A-BDDB-A0C7785E4A68}"
EndProject
Global
	GlobalSection(SolutionConfigurationPlatforms) = preSolution
		Debug|Any CPU = Debug|Any CPU
		Release|Any CPU = Release|Any CPU
	EndGlobalSection
	GlobalSection(ProjectConfigurationPlatforms) = postSolution
		{E8FFD6BF-23D6-49CD-9814-3CEAFDE4A3C9}.Debug|Any CPU.ActiveCfg = Debug|Any CPU
		{E8FFD6BF-23D6-49CD-9814-3CEAFDE4A3C9}.Debug|Any CPU.Build.0 = Debug|Any CPU
		{E8FFD6BF-23D6-49CD-9814-3CEAFDE4A3C9}.Release|Any CPU.ActiveCfg = Release|Any CPU
		{E8FFD6BF-23D6-49CD-9814-3CEAFDE4A3C9}.Release|Any CPU.Build.0 = Release|Any CPU
		{3E0157C0-4AEE-481A-BDDB-A0C7785E4A68}.Debug|Any CPU.ActiveCfg = Debug|Any CPU
		{3E0157C0-4AEE-481A-BDDB-A0C7785E4A68}.Debug|Any CPU.Build.0 = Debug|Any CPU
		{3E0157C0-4AEE-481A-BDDB-A0C7785E4A68}.Release|Any CPU.ActiveCfg = Release|Any CPU
		{3E0157C0-4AEE-481A-BDDB-A0C7785E4A68}.Release|Any CPU.Build.0 = Release|Any CPU
	EndGlobalSection
	GlobalSection(SolutionProperties) = preSolution
		HideSolutionNode = FALSE
	EndGlobalSection
	GlobalSection(ExtensibilityGlobals) = postSolution
		SolutionGuid = {2AE139C0-AAA1-4851-9DCB-990CF655037E}
	EndGlobalSection
EndGlobal
